
Microsoft Visual Studio Solution File, Format Version 12.00
# Visual Studio Version 17
VisualStudioVersion = 17.3.32819.101
MinimumVisualStudioVersion = 10.0.40219.1
Project("{FAE04EC0-301F-11D3-BF4B-00C04F79EFBC}") = "ConsolePocs", "ConsolePocs\ConsolePocs.csproj", "{A189A24A-9BB9-43FC-B447-5FCBAE9E1FAA}"
EndProject
Global
	GlobalSection(SolutionConfigurationPlatforms) = preSolution
		Debug|Any CPU = Debug|Any CPU
		Release|Any CPU = Release|Any CPU
	EndGlobalSection
	GlobalSection(ProjectConfigurationPlatforms) = postSolution
		{A189A24A-9BB9-43FC-B447-5FCBAE9E1FAA}.Debug|Any CPU.ActiveCfg = Debug|Any CPU
		{A189A24A-9BB9-43FC-B447-5FCBAE9E1FAA}.Debug|Any CPU.Build.0 = Debug|Any CPU
		{A189A24A-9BB9-43FC-B447-5FCBAE9E1FAA}.Release|Any CPU.ActiveCfg = Release|Any CPU
		{A189A24A-9BB9-43FC-B447-5FCBAE9E1FAA}.Release|Any CPU.Build.0 = Release|Any CPU
	EndGlobalSection
	GlobalSection(SolutionProperties) = preSolution
		HideSolutionNode = FALSE
	EndGlobalSection
	GlobalSection(ExtensibilityGlobals) = postSolution
		SolutionGuid = {AE83B680-A4D7-43E8-8961-4B070BBFBFA1}
	EndGlobalSection
EndGlobal
